
Microsoft Visual Studio Solution File, Format Version 12.00
# Visual Studio Version 16
VisualStudioVersion = 16.0.30717.126
MinimumVisualStudioVersion = 10.0.40219.1
Project("{9A19103F-16F7-4668-BE54-9A1E7A4F7556}") = "CapaLogica", "CapaLogica\CapaLogica.csproj", "{764F10C3-117B-4E18-8F1B-A66341EAFA3E}"
EndProject
Project("{FAE04EC0-301F-11D3-BF4B-00C04F79EFBC}") = "CapaPresentacionForm", "CapaPresentacionForm\CapaPresentacionForm.csproj", "{7E928F4E-C545-42DD-BD9F-6525BBCBAFE5}"
EndProject
Project("{FAE04EC0-301F-11D3-BF4B-00C04F79EFBC}") = "CapaPresentacionWeb", "CapaPresentacionWeb\CapaPresentacionWeb.csproj", "{255FF1AA-F16D-4778-B2C9-525ADC6E439E}"
EndProject
Project("{FAE04EC0-301F-11D3-BF4B-00C04F79EFBC}") = "CapaPresentacionConsola", "CapaPresentacionConsola\CapaPresentacionConsola.csproj", "{86C8E2C3-0953-4654-8BD1-D63372F5D44D}"
EndProject
Global
	GlobalSection(SolutionConfigurationPlatforms) = preSolution
		Debug|Any CPU = Debug|Any CPU
		Release|Any CPU = Release|Any CPU
	EndGlobalSection
	GlobalSection(ProjectConfigurationPlatforms) = postSolution
		{764F10C3-117B-4E18-8F1B-A66341EAFA3E}.Debug|Any CPU.ActiveCfg = Debug|Any CPU
		{764F10C3-117B-4E18-8F1B-A66341EAFA3E}.Debug|Any CPU.Build.0 = Debug|Any CPU
		{764F10C3-117B-4E18-8F1B-A66341EAFA3E}.Release|Any CPU.ActiveCfg = Release|Any CPU
		{764F10C3-117B-4E18-8F1B-A66341EAFA3E}.Release|Any CPU.Build.0 = Release|Any CPU
		{7E928F4E-C545-42DD-BD9F-6525BBCBAFE5}.Debug|Any CPU.ActiveCfg = Debug|Any CPU
		{7E928F4E-C545-42DD-BD9F-6525BBCBAFE5}.Debug|Any CPU.Build.0 = Debug|Any CPU
		{7E928F4E-C545-42DD-BD9F-6525BBCBAFE5}.Release|Any CPU.ActiveCfg = Release|Any CPU
		{7E928F4E-C545-42DD-BD9F-6525BBCBAFE5}.Release|Any CPU.Build.0 = Release|Any CPU
		{255FF1AA-F16D-4778-B2C9-525ADC6E439E}.Debug|Any CPU.ActiveCfg = Debug|Any CPU
		{255FF1AA-F16D-4778-B2C9-525ADC6E439E}.Debug|Any CPU.Build.0 = Debug|Any CPU
		{255FF1AA-F16D-4778-B2C9-525ADC6E439E}.Release|Any CPU.ActiveCfg = Release|Any CPU
		{255FF1AA-F16D-4778-B2C9-525ADC6E439E}.Release|Any CPU.Build.0 = Release|Any CPU
		{86C8E2C3-0953-4654-8BD1-D63372F5D44D}.Debug|Any CPU.ActiveCfg = Debug|Any CPU
		{86C8E2C3-0953-4654-8BD1-D63372F5D44D}.Debug|Any CPU.Build.0 = Debug|Any CPU
		{86C8E2C3-0953-4654-8BD1-D63372F5D44D}.Release|Any CPU.ActiveCfg = Release|Any CPU
		{86C8E2C3-0953-4654-8BD1-D63372F5D44D}.Release|Any CPU.Build.0 = Release|Any CPU
	EndGlobalSection
	GlobalSection(SolutionProperties) = preSolution
		HideSolutionNode = FALSE
	EndGlobalSection
	GlobalSection(ExtensibilityGlobals) = postSolution
		SolutionGuid = {66E42D6D-3066-49A8-B524-EF33B9022799}
	EndGlobalSection
EndGlobal
